
Microsoft Visual Studio Solution File, Format Version 12.00
# Visual Studio Version 17
VisualStudioVersion = 17.2.32516.85
MinimumVisualStudioVersion = 10.0.40219.1
Project("{FAE04EC0-301F-11D3-BF4B-00C04F79EFBC}") = "3DModelMax.Host", "3DModelMax.Host.csproj", "{10808878-BE6E-4778-9C77-599D20DE7D65}"
EndProject
Project("{FAE04EC0-301F-11D3-BF4B-00C04F79EFBC}") = "3DModelMax.Application", "..\3DModelMax.Application\3DModelMax.Application.csproj", "{63F38FB5-1B5B-4871-9151-BF3E9EB1FF3A}"
EndProject
Project("{FAE04EC0-301F-11D3-BF4B-00C04F79EFBC}") = "3DModelMax.Domain", "..\3DModelMax.Domain\3DModelMax.Domain.csproj", "{AC3441C8-AFE2-4216-907A-DD3862C70AA4}"
EndProject
Project("{FAE04EC0-301F-11D3-BF4B-00C04F79EFBC}") = "3DModelMax.Persistence", "..\3DModelMax.Persistence\3DModelMax.Persistence.csproj", "{747CF1FB-42E0-4158-B8F3-AD47D6C711EB}"
EndProject
Project("{FAE04EC0-301F-11D3-BF4B-00C04F79EFBC}") = "3DModelMax.SQLPersistence", "..\3DModelMax.SQLPersistence\3DModelMax.SQLPersistence.csproj", "{9BCBE190-9345-4EC8-AD67-B94926335515}"
EndProject
Global
	GlobalSection(SolutionConfigurationPlatforms) = preSolution
		Debug|Any CPU = Debug|Any CPU
		Release|Any CPU = Release|Any CPU
	EndGlobalSection
	GlobalSection(ProjectConfigurationPlatforms) = postSolution
		{10808878-BE6E-4778-9C77-599D20DE7D65}.Debug|Any CPU.ActiveCfg = Debug|Any CPU
		{10808878-BE6E-4778-9C77-599D20DE7D65}.Debug|Any CPU.Build.0 = Debug|Any CPU
		{10808878-BE6E-4778-9C77-599D20DE7D65}.Release|Any CPU.ActiveCfg = Release|Any CPU
		{10808878-BE6E-4778-9C77-599D20DE7D65}.Release|Any CPU.Build.0 = Release|Any CPU
		{63F38FB5-1B5B-4871-9151-BF3E9EB1FF3A}.Debug|Any CPU.ActiveCfg = Debug|Any CPU
		{63F38FB5-1B5B-4871-9151-BF3E9EB1FF3A}.Debug|Any CPU.Build.0 = Debug|Any CPU
		{63F38FB5-1B5B-4871-9151-BF3E9EB1FF3A}.Release|Any CPU.ActiveCfg = Release|Any CPU
		{63F38FB5-1B5B-4871-9151-BF3E9EB1FF3A}.Release|Any CPU.Build.0 = Release|Any CPU
		{AC3441C8-AFE2-4216-907A-DD3862C70AA4}.Debug|Any CPU.ActiveCfg = Debug|Any CPU
		{AC3441C8-AFE2-4216-907A-DD3862C70AA4}.Debug|Any CPU.Build.0 = Debug|Any CPU
		{AC3441C8-AFE2-4216-907A-DD3862C70AA4}.Release|Any CPU.ActiveCfg = Release|Any CPU
		{AC3441C8-AFE2-4216-907A-DD3862C70AA4}.Release|Any CPU.Build.0 = Release|Any CPU
		{747CF1FB-42E0-4158-B8F3-AD47D6C711EB}.Debug|Any CPU.ActiveCfg = Debug|Any CPU
		{747CF1FB-42E0-4158-B8F3-AD47D6C711EB}.Debug|Any CPU.Build.0 = Debug|Any CPU
		{747CF1FB-42E0-4158-B8F3-AD47D6C711EB}.Release|Any CPU.ActiveCfg = Release|Any CPU
		{747CF1FB-42E0-4158-B8F3-AD47D6C711EB}.Release|Any CPU.Build.0 = Release|Any CPU
		{9BCBE190-9345-4EC8-AD67-B94926335515}.Debug|Any CPU.ActiveCfg = Debug|Any CPU
		{9BCBE190-9345-4EC8-AD67-B94926335515}.Debug|Any CPU.Build.0 = Debug|Any CPU
		{9BCBE190-9345-4EC8-AD67-B94926335515}.Release|Any CPU.ActiveCfg = Release|Any CPU
		{9BCBE190-9345-4EC8-AD67-B94926335515}.Release|Any CPU.Build.0 = Release|Any CPU
	EndGlobalSection
	GlobalSection(SolutionProperties) = preSolution
		HideSolutionNode = FALSE
	EndGlobalSection
	GlobalSection(ExtensibilityGlobals) = postSolution
		SolutionGuid = {9C62E43E-6C21-4784-8619-19C559A972DE}
	EndGlobalSection
EndGlobal
